{
  "name": "Ejemplo_4",
  "lockfileVersion": 2,
  "requires": true,
  "packages": {
    "": {
      "dependencies": {
        "brainjs": "^0.7.4"
      }
    },
    "node_modules/brainjs": {
      "version": "0.7.4",
      "resolved": "https://registry.npmjs.org/brainjs/-/brainjs-0.7.4.tgz",
      "integrity": "sha512-wLvuy9ZPjbzBwsDcg7Z9Ri31MXE6+TiDispBXLPp0ErbM7xxMXRPw6Q2darpj2nCPrT39kv7cWXPOls2+XIqHw==",
      "dependencies": {
        "inherits": "~2.0.1",
        "underscore": ">=1.5.1"
      }
    },
    "node_modules/inherits": {
      "version": "2.0.4",
      "resolved": "https://registry.npmjs.org/inherits/-/inherits-2.0.4.tgz",
      "integrity": "sha512-k/vGaX4/Yla3WzyMCvTQOXYeIHvqOKtnqBduzTHpzpQZzAskKMhZ2K+EnBiSM9zGSoIFeMpXKxa4dYeZIQqewQ=="
    },
    "node_modules/underscore": {
      "version": "1.13.4",
      "resolved": "https://registry.npmjs.org/underscore/-/underscore-1.13.4.tgz",
      "integrity": "sha512-BQFnUDuAQ4Yf/cYY5LNrK9NCJFKriaRbD9uR1fTeXnBeoa97W0i41qkZfGO9pSo8I5KzjAcSY2XYtdf0oKd7KQ=="
    }
  },
  "dependencies": {
    "brainjs": {
      "version": "0.7.4",
      "resolved": "https://registry.npmjs.org/brainjs/-/brainjs-0.7.4.tgz",
      "integrity": "sha512-wLvuy9ZPjbzBwsDcg7Z9Ri31MXE6+TiDispBXLPp0ErbM7xxMXRPw6Q2darpj2nCPrT39kv7cWXPOls2+XIqHw==",
      "requires": {
        "inherits": "~2.0.1",
        "underscore": ">=1.5.1"
      }
    },
    "inherits": {
      "version": "2.0.4",
      "resolved": "https://registry.npmjs.org/inherits/-/inherits-2.0.4.tgz",
      "integrity": "sha512-k/vGaX4/Yla3WzyMCvTQOXYeIHvqOKtnqBduzTHpzpQZzAskKMhZ2K+EnBiSM9zGSoIFeMpXKxa4dYeZIQqewQ=="
    },
    "underscore": {
      "version": "1.13.4",
      "resolved": "https://registry.npmjs.org/underscore/-/underscore-1.13.4.tgz",
      "integrity": "sha512-BQFnUDuAQ4Yf/cYY5LNrK9NCJFKriaRbD9uR1fTeXnBeoa97W0i41qkZfGO9pSo8I5KzjAcSY2XYtdf0oKd7KQ=="
    }
  }
}
